
Microsoft Visual Studio Solution File, Format Version 12.00
# Visual Studio Version 17
VisualStudioVersion = 17.8.34408.163
MinimumVisualStudioVersion = 10.0.40219.1
Project("{FAE04EC0-301F-11D3-BF4B-00C04F79EFBC}") = "Lab3", "Lab3.csproj", "{FFD46747-375B-451E-9E70-E51B21FB5ACF}"
EndProject
Global
	GlobalSection(SolutionConfigurationPlatforms) = preSolution
		Debug|Any CPU = Debug|Any CPU
		Release|Any CPU = Release|Any CPU
	EndGlobalSection
	GlobalSection(ProjectConfigurationPlatforms) = postSolution
		{FFD46747-375B-451E-9E70-E51B21FB5ACF}.Debug|Any CPU.ActiveCfg = Debug|Any CPU
		{FFD46747-375B-451E-9E70-E51B21FB5ACF}.Debug|Any CPU.Build.0 = Debug|Any CPU
		{FFD46747-375B-451E-9E70-E51B21FB5ACF}.Release|Any CPU.ActiveCfg = Release|Any CPU
		{FFD46747-375B-451E-9E70-E51B21FB5ACF}.Release|Any CPU.Build.0 = Release|Any CPU
	EndGlobalSection
	GlobalSection(SolutionProperties) = preSolution
		HideSolutionNode = FALSE
	EndGlobalSection
	GlobalSection(ExtensibilityGlobals) = postSolution
		SolutionGuid = {E9EB5F2A-81EB-4791-9B31-60D5C6624A5A}
	EndGlobalSection
EndGlobal
